{
  "name": "mongoose-schemagen",
  "version": "2.2.0",
  "lockfileVersion": 1,
  "requires": true,
  "dependencies": {
    "asn1.js": {
      "version": "https://registry.npmjs.org/asn1.js/-/asn1.js-4.9.1.tgz",
      "integrity": "sha1-SLokC0WpKA6UdImQull9IWYX/UA=",
      "dev": true,
      "requires": {
        "bn.js": "https://registry.npmjs.org/bn.js/-/bn.js-4.11.6.tgz",
        "inherits": "https://registry.npmjs.org/inherits/-/inherits-2.0.3.tgz",
        "minimalistic-assert": "https://registry.npmjs.org/minimalistic-assert/-/minimalistic-assert-1.0.0.tgz"
      }
    },
    "assertion-error": {
      "version": "https://registry.npmjs.org/assertion-error/-/assertion-error-1.0.2.tgz",
      "integrity": "sha1-E8pRXYYgbaC6xm6DTdOX2HWBCUw=",
      "dev": true
    },
    "async": {
      "version": "2.5.0",
      "resolved": "https://registry.npmjs.org/async/-/async-2.5.0.tgz",
      "integrity": "sha512-e+lJAJeNWuPCNyxZKOBdaJGyLGHugXVQtrAwtuAe2vhxTYxFTKE73p8JuTmdH0qdQZtDvI4dhJwjZc5zsfIsYw==",
      "dev": true,
      "requires": {
        "lodash": "https://registry.npmjs.org/lodash/-/lodash-4.17.2.tgz"
      }
    },
    "bluebird": {
      "version": "https://registry.npmjs.org/bluebird/-/bluebird-2.10.2.tgz",
      "integrity": "sha1-AkpVFylTCIV/FPkfEQb8O1VfRGs="
    },
    "bn.js": {
      "version": "https://registry.npmjs.org/bn.js/-/bn.js-4.11.6.tgz",
      "integrity": "sha1-UzRK2xRhehP26N0s4okF0cC6MhU=",
      "dev": true
    },
    "brorand": {
      "version": "https://registry.npmjs.org/brorand/-/brorand-1.1.0.tgz",
      "integrity": "sha1-EsJe/kCkXjwyPrhnWgoM5XsiNx8=",
      "dev": true
    },
    "browserify-aes": {
      "version": "https://registry.npmjs.org/browserify-aes/-/browserify-aes-1.0.6.tgz",
      "integrity": "sha1-Xncl297x/Vkw1OurSFZ85FHEigo=",
      "dev": true,
      "requires": {
        "buffer-xor": "https://registry.npmjs.org/buffer-xor/-/buffer-xor-1.0.3.tgz",
        "cipher-base": "https://registry.npmjs.org/cipher-base/-/cipher-base-1.0.3.tgz",
        "create-hash": "https://registry.npmjs.org/create-hash/-/create-hash-1.1.2.tgz",
        "evp_bytestokey": "https://registry.npmjs.org/evp_bytestokey/-/evp_bytestokey-1.0.0.tgz",
        "inherits": "https://registry.npmjs.org/inherits/-/inherits-2.0.3.tgz"
      }
    },
    "browserify-cipher": {
      "version": "https://registry.npmjs.org/browserify-cipher/-/browserify-cipher-1.0.0.tgz",
      "integrity": "sha1-mYgkSHS/XtTijalWZtzWasj8Njo=",
      "dev": true,
      "requires": {
        "browserify-aes": "https://registry.npmjs.org/browserify-aes/-/browserify-aes-1.0.6.tgz",
        "browserify-des": "https://registry.npmjs.org/browserify-des/-/browserify-des-1.0.0.tgz",
        "evp_bytestokey": "https://registry.npmjs.org/evp_bytestokey/-/evp_bytestokey-1.0.0.tgz"
      }
    },
    "browserify-des": {
      "version": "https://registry.npmjs.org/browserify-des/-/browserify-des-1.0.0.tgz",
      "integrity": "sha1-2qJ3cXRwki7S/hhZQRihdUOXId0=",
      "dev": true,
      "requires": {
        "cipher-base": "https://registry.npmjs.org/cipher-base/-/cipher-base-1.0.3.tgz",
        "des.js": "https://registry.npmjs.org/des.js/-/des.js-1.0.0.tgz",
        "inherits": "https://registry.npmjs.org/inherits/-/inherits-2.0.3.tgz"
      }
    },
    "browserify-rsa": {
      "version": "https://registry.npmjs.org/browserify-rsa/-/browserify-rsa-4.0.1.tgz",
      "integrity": "sha1-IeCr+vbyApzy+vsTNWenAdQTVSQ=",
      "dev": true,
      "requires": {
        "bn.js": "https://registry.npmjs.org/bn.js/-/bn.js-4.11.6.tgz",
        "randombytes": "https://registry.npmjs.org/randombytes/-/randombytes-2.0.3.tgz"
      }
    },
    "browserify-sign": {
      "version": "https://registry.npmjs.org/browserify-sign/-/browserify-sign-4.0.0.tgz",
      "integrity": "sha1-EHc5EMPCBtVCCkaq2GlPgguFlo8=",
      "dev": true,
      "requires": {
        "bn.js": "https://registry.npmjs.org/bn.js/-/bn.js-4.11.6.tgz",
        "browserify-rsa": "https://registry.npmjs.org/browserify-rsa/-/browserify-rsa-4.0.1.tgz",
        "create-hash": "https://registry.npmjs.org/create-hash/-/create-hash-1.1.2.tgz",
        "create-hmac": "https://registry.npmjs.org/create-hmac/-/create-hmac-1.1.4.tgz",
        "elliptic": "https://registry.npmjs.org/elliptic/-/elliptic-6.4.0.tgz",
        "inherits": "https://registry.npmjs.org/inherits/-/inherits-2.0.3.tgz",
        "parse-asn1": "https://registry.npmjs.org/parse-asn1/-/parse-asn1-5.1.0.tgz"
      }
    },
    "bson": {
      "version": "https://registry.npmjs.org/bson/-/bson-0.5.6.tgz",
      "integrity": "sha1-4D3oCmksKPykOW8NFMlwab0rc6Y="
    },
    "buffer-shims": {
      "version": "https://registry.npmjs.org/buffer-shims/-/buffer-shims-1.0.0.tgz",
      "integrity": "sha1-mXjOMXOIxkmth5MCjDR37wRKi1E="
    },
    "buffer-xor": {
      "version": "https://registry.npmjs.org/buffer-xor/-/buffer-xor-1.0.3.tgz",
      "integrity": "sha1-JuYe0UIvtw3ULm42cp7VHYVf6Nk=",
      "dev": true
    },
    "chai": {
      "version": "4.0.2",
      "resolved": "https://registry.npmjs.org/chai/-/chai-4.0.2.tgz",
      "integrity": "sha1-L3MnxN5vOF3XeHmZ4qsCaXoyuDs=",
      "dev": true,
      "requires": {
        "assertion-error": "https://registry.npmjs.org/assertion-error/-/assertion-error-1.0.2.tgz",
        "check-error": "1.0.2",
        "deep-eql": "2.0.2",
        "get-func-name": "2.0.0",
        "pathval": "1.1.0",
        "type-detect": "4.0.3"
      },
      "dependencies": {
        "deep-eql": {
          "version": "2.0.2",
          "resolved": "https://registry.npmjs.org/deep-eql/-/deep-eql-2.0.2.tgz",
          "integrity": "sha1-sbrAblbwp2d3aG1Qyf63XC7XZ5o=",
          "dev": true,
          "requires": {
            "type-detect": "3.0.0"
          },
          "dependencies": {
            "type-detect": {
              "version": "3.0.0",
              "resolved": "https://registry.npmjs.org/type-detect/-/type-detect-3.0.0.tgz",
              "integrity": "sha1-RtDMhVOrt7E6NSsNbeov1Y8tm1U=",
              "dev": true
            }
          }
        },
        "type-detect": {
          "version": "4.0.3",
          "resolved": "https://registry.npmjs.org/type-detect/-/type-detect-4.0.3.tgz",
          "integrity": "sha1-Dj8mcLRAmbC0bChNE2p+9Jx0wuo=",
          "dev": true
        }
      }
    },
    "check-error": {
      "version": "1.0.2",
      "resolved": "https://registry.npmjs.org/check-error/-/check-error-1.0.2.tgz",
      "integrity": "sha1-V00xLt2Iu13YkS6Sht1sCu1KrII=",
      "dev": true
    },
    "cipher-base": {
      "version": "https://registry.npmjs.org/cipher-base/-/cipher-base-1.0.3.tgz",
      "integrity": "sha1-7qvxlEGc6QDaMBjCB9IS8qbfCgc=",
      "dev": true,
      "requires": {
        "inherits": "https://registry.npmjs.org/inherits/-/inherits-2.0.3.tgz"
      }
    },
    "clerobee": {
      "version": "0.8.5",
      "resolved": "https://registry.npmjs.org/clerobee/-/clerobee-0.8.5.tgz",
      "integrity": "sha1-s+Xmn0/XOvFA4oYgtRt2Z4ILTkI=",
      "dev": true,
      "requires": {
        "webcrypto": "https://registry.npmjs.org/webcrypto/-/webcrypto-0.1.0.tgz"
      }
    },
    "core-util-is": {
      "version": "https://registry.npmjs.org/core-util-is/-/core-util-is-1.0.2.tgz",
      "integrity": "sha1-tf1UIgqivFq1eqtxQMlAdUUDwac="
    },
    "create-ecdh": {
      "version": "https://registry.npmjs.org/create-ecdh/-/create-ecdh-4.0.0.tgz",
      "integrity": "sha1-iIxyNZbN92EvZJgjPuvXo1MBc30=",
      "dev": true,
      "requires": {
        "bn.js": "https://registry.npmjs.org/bn.js/-/bn.js-4.11.6.tgz",
        "elliptic": "https://registry.npmjs.org/elliptic/-/elliptic-6.4.0.tgz"
      }
    },
    "create-hash": {
      "version": "https://registry.npmjs.org/create-hash/-/create-hash-1.1.2.tgz",
      "integrity": "sha1-USEAYte7dHn2xlu0GpIgix1hq60=",
      "dev": true,
      "requires": {
        "cipher-base": "https://registry.npmjs.org/cipher-base/-/cipher-base-1.0.3.tgz",
        "inherits": "https://registry.npmjs.org/inherits/-/inherits-2.0.3.tgz",
        "ripemd160": "https://registry.npmjs.org/ripemd160/-/ripemd160-1.0.1.tgz",
        "sha.js": "https://registry.npmjs.org/sha.js/-/sha.js-2.4.8.tgz"
      }
    },
    "create-hmac": {
      "version": "https://registry.npmjs.org/create-hmac/-/create-hmac-1.1.4.tgz",
      "integrity": "sha1-0/tLolPriz9W456i+8uK90e9MXA=",
      "dev": true,
      "requires": {
        "create-hash": "https://registry.npmjs.org/create-hash/-/create-hash-1.1.2.tgz",
        "inherits": "https://registry.npmjs.org/inherits/-/inherits-2.0.3.tgz"
      }
    },
    "crypto-browserify": {
      "version": "https://registry.npmjs.org/crypto-browserify/-/crypto-browserify-3.11.0.tgz",
      "integrity": "sha1-NlKgkGq5sqfgw85mpAjpV6JIVSI=",
      "dev": true,
      "requires": {
        "browserify-cipher": "https://registry.npmjs.org/browserify-cipher/-/browserify-cipher-1.0.0.tgz",
        "browserify-sign": "https://registry.npmjs.org/browserify-sign/-/browserify-sign-4.0.0.tgz",
        "create-ecdh": "https://registry.npmjs.org/create-ecdh/-/create-ecdh-4.0.0.tgz",
        "create-hash": "https://registry.npmjs.org/create-hash/-/create-hash-1.1.2.tgz",
        "create-hmac": "https://registry.npmjs.org/create-hmac/-/create-hmac-1.1.4.tgz",
        "diffie-hellman": "https://registry.npmjs.org/diffie-hellman/-/diffie-hellman-5.0.2.tgz",
        "inherits": "https://registry.npmjs.org/inherits/-/inherits-2.0.3.tgz",
        "pbkdf2": "https://registry.npmjs.org/pbkdf2/-/pbkdf2-3.0.9.tgz",
        "public-encrypt": "https://registry.npmjs.org/public-encrypt/-/public-encrypt-4.0.0.tgz",
        "randombytes": "https://registry.npmjs.org/randombytes/-/randombytes-2.0.3.tgz"
      }
    },
    "debug": {
      "version": "https://registry.npmjs.org/debug/-/debug-2.2.0.tgz",
      "integrity": "sha1-+HBX6ZWxofauaklgZkE3vFbwOdo=",
      "requires": {
        "ms": "https://registry.npmjs.org/ms/-/ms-0.7.1.tgz"
      }
    },
    "des.js": {
      "version": "https://registry.npmjs.org/des.js/-/des.js-1.0.0.tgz",
      "integrity": "sha1-wHTS4qpqipoH29YfmhXCzYPsjsw=",
      "dev": true,
      "requires": {
        "inherits": "https://registry.npmjs.org/inherits/-/inherits-2.0.3.tgz",
        "minimalistic-assert": "https://registry.npmjs.org/minimalistic-assert/-/minimalistic-assert-1.0.0.tgz"
      }
    },
    "diffie-hellman": {
      "version": "https://registry.npmjs.org/diffie-hellman/-/diffie-hellman-5.0.2.tgz",
      "integrity": "sha1-tYNXOScM/ias9jIJn97SoH8gnl4=",
      "dev": true,
      "requires": {
        "bn.js": "https://registry.npmjs.org/bn.js/-/bn.js-4.11.6.tgz",
        "miller-rabin": "https://registry.npmjs.org/miller-rabin/-/miller-rabin-4.0.0.tgz",
        "randombytes": "https://registry.npmjs.org/randombytes/-/randombytes-2.0.3.tgz"
      }
    },
    "elliptic": {
      "version": "https://registry.npmjs.org/elliptic/-/elliptic-6.4.0.tgz",
      "integrity": "sha1-ysmvh2LIWDYYcAPI3+GT5eLq5d8=",
      "dev": true,
      "requires": {
        "bn.js": "https://registry.npmjs.org/bn.js/-/bn.js-4.11.6.tgz",
        "brorand": "https://registry.npmjs.org/brorand/-/brorand-1.1.0.tgz",
        "hash.js": "https://registry.npmjs.org/hash.js/-/hash.js-1.0.3.tgz",
        "hmac-drbg": "https://registry.npmjs.org/hmac-drbg/-/hmac-drbg-1.0.0.tgz",
        "inherits": "https://registry.npmjs.org/inherits/-/inherits-2.0.3.tgz",
        "minimalistic-assert": "https://registry.npmjs.org/minimalistic-assert/-/minimalistic-assert-1.0.0.tgz",
        "minimalistic-crypto-utils": "https://registry.npmjs.org/minimalistic-crypto-utils/-/minimalistic-crypto-utils-1.0.1.tgz"
      }
    },
    "es6-promise": {
      "version": "https://registry.npmjs.org/es6-promise/-/es6-promise-3.2.1.tgz",
      "integrity": "sha1-7FYjOGgDKQkgcXDDlEjiREndH8Q="
    },
    "evp_bytestokey": {
      "version": "https://registry.npmjs.org/evp_bytestokey/-/evp_bytestokey-1.0.0.tgz",
      "integrity": "sha1-SXtmrZ/vZc18CKYYCCS6FHa2blM=",
      "dev": true,
      "requires": {
        "create-hash": "https://registry.npmjs.org/create-hash/-/create-hash-1.1.2.tgz"
      }
    },
    "get-func-name": {
      "version": "2.0.0",
      "resolved": "https://registry.npmjs.org/get-func-name/-/get-func-name-2.0.0.tgz",
      "integrity": "sha1-6td0q+5y4gQJQzoGY2YCPdaIekE=",
      "dev": true
    },
    "hash.js": {
      "version": "https://registry.npmjs.org/hash.js/-/hash.js-1.0.3.tgz",
      "integrity": "sha1-EzL/ABVsCg/92CNgE9B7d6BFFXM=",
      "dev": true,
      "requires": {
        "inherits": "https://registry.npmjs.org/inherits/-/inherits-2.0.3.tgz"
      }
    },
    "hmac-drbg": {
      "version": "https://registry.npmjs.org/hmac-drbg/-/hmac-drbg-1.0.0.tgz",
      "integrity": "sha1-PbRx9FquSplKBogyIXH1G4uRvuU=",
      "dev": true,
      "requires": {
        "hash.js": "https://registry.npmjs.org/hash.js/-/hash.js-1.0.3.tgz",
        "minimalistic-assert": "https://registry.npmjs.org/minimalistic-assert/-/minimalistic-assert-1.0.0.tgz",
        "minimalistic-crypto-utils": "https://registry.npmjs.org/minimalistic-crypto-utils/-/minimalistic-crypto-utils-1.0.1.tgz"
      }
    },
    "hooks-fixed": {
      "version": "https://registry.npmjs.org/hooks-fixed/-/hooks-fixed-1.2.0.tgz",
      "integrity": "sha1-DSdy1NfWhf+SRHJKnwtbJVmqyWs="
    },
    "inherits": {
      "version": "https://registry.npmjs.org/inherits/-/inherits-2.0.3.tgz",
      "integrity": "sha1-Yzwsg+PaQqUC9SRmAiSA9CCCYd4="
    },
    "isa.js": {
      "version": "1.9.0",
      "resolved": "https://registry.npmjs.org/isa.js/-/isa.js-1.9.0.tgz",
      "integrity": "sha1-F+Fe2ehR/D5JJIWuqZ2niee7TbI="
    },
    "isarray": {
      "version": "https://registry.npmjs.org/isarray/-/isarray-1.0.0.tgz",
      "integrity": "sha1-u5NdSFgsuhaMBoNJV6VKPgcSTxE="
    },
    "kareem": {
      "version": "https://registry.npmjs.org/kareem/-/kareem-1.1.3.tgz",
      "integrity": "sha1-CHdhDYh5w42mLR26/eThfyaS8EE="
    },
    "lodash": {
      "version": "https://registry.npmjs.org/lodash/-/lodash-4.17.2.tgz",
      "integrity": "sha1-NKMFW6vgTOQkZ7YH1wAHLH/2v0I="
    },
    "miller-rabin": {
      "version": "https://registry.npmjs.org/miller-rabin/-/miller-rabin-4.0.0.tgz",
      "integrity": "sha1-SmL7HUKTPAVYOYL0xxb2+55sbT0=",
      "dev": true,
      "requires": {
        "bn.js": "https://registry.npmjs.org/bn.js/-/bn.js-4.11.6.tgz",
        "brorand": "https://registry.npmjs.org/brorand/-/brorand-1.1.0.tgz"
      }
    },
    "minimalistic-assert": {
      "version": "https://registry.npmjs.org/minimalistic-assert/-/minimalistic-assert-1.0.0.tgz",
      "integrity": "sha1-cCvi3aazf0g2vLP121ZkG2Sh09M=",
      "dev": true
    },
    "minimalistic-crypto-utils": {
      "version": "https://registry.npmjs.org/minimalistic-crypto-utils/-/minimalistic-crypto-utils-1.0.1.tgz",
      "integrity": "sha1-9sAMHAsIIkblxNmd+4x8CDsrWCo=",
      "dev": true
    },
    "mongodb": {
      "version": "https://registry.npmjs.org/mongodb/-/mongodb-2.2.11.tgz",
      "integrity": "sha1-qCiwNv5qQ3o15yOvX4F4HEl2MGw=",
      "requires": {
        "es6-promise": "https://registry.npmjs.org/es6-promise/-/es6-promise-3.2.1.tgz",
        "mongodb-core": "https://registry.npmjs.org/mongodb-core/-/mongodb-core-2.0.13.tgz",
        "readable-stream": "https://registry.npmjs.org/readable-stream/-/readable-stream-2.1.5.tgz"
      }
    },
    "mongodb-core": {
      "version": "https://registry.npmjs.org/mongodb-core/-/mongodb-core-2.0.13.tgz",
      "integrity": "sha1-+TlLWI3ODleUguU9dNvH16nUUZw=",
      "requires": {
        "bson": "https://registry.npmjs.org/bson/-/bson-0.5.6.tgz",
        "require_optional": "https://registry.npmjs.org/require_optional/-/require_optional-1.0.0.tgz"
      }
    },
    "mongoose": {
      "version": "https://registry.npmjs.org/mongoose/-/mongoose-4.6.8.tgz",
      "integrity": "sha1-H7tptN6GI6Pj7mOolCWiJ8XSTak=",
      "requires": {
        "async": "https://registry.npmjs.org/async/-/async-2.1.2.tgz",
        "bson": "https://registry.npmjs.org/bson/-/bson-0.5.6.tgz",
        "hooks-fixed": "https://registry.npmjs.org/hooks-fixed/-/hooks-fixed-1.2.0.tgz",
        "kareem": "https://registry.npmjs.org/kareem/-/kareem-1.1.3.tgz",
        "mongodb": "https://registry.npmjs.org/mongodb/-/mongodb-2.2.11.tgz",
        "mpath": "https://registry.npmjs.org/mpath/-/mpath-0.2.1.tgz",
        "mpromise": "https://registry.npmjs.org/mpromise/-/mpromise-0.5.5.tgz",
        "mquery": "https://registry.npmjs.org/mquery/-/mquery-2.0.0.tgz",
        "ms": "https://registry.npmjs.org/ms/-/ms-0.7.1.tgz",
        "muri": "https://registry.npmjs.org/muri/-/muri-1.1.1.tgz",
        "regexp-clone": "https://registry.npmjs.org/regexp-clone/-/regexp-clone-0.0.1.tgz",
        "sliced": "https://registry.npmjs.org/sliced/-/sliced-1.0.1.tgz"
      },
      "dependencies": {
        "async": {
          "version": "https://registry.npmjs.org/async/-/async-2.1.2.tgz",
          "integrity": "sha1-YSpKtF70KnDN6Aa62G7m2wR+g4U=",
          "requires": {
            "lodash": "https://registry.npmjs.org/lodash/-/lodash-4.17.2.tgz"
          }
        }
      }
    },
    "mpath": {
      "version": "https://registry.npmjs.org/mpath/-/mpath-0.2.1.tgz",
      "integrity": "sha1-Ok6Ck1mAHeljCcJ6ay4QLon56W4="
    },
    "mpromise": {
      "version": "https://registry.npmjs.org/mpromise/-/mpromise-0.5.5.tgz",
      "integrity": "sha1-9bJCWddjrMIlewoMjG2Gb9UXMuY="
    },
    "mquery": {
      "version": "https://registry.npmjs.org/mquery/-/mquery-2.0.0.tgz",
      "integrity": "sha1-tavIULkN/8PhCuSbS256R5dS3yI=",
      "requires": {
        "bluebird": "https://registry.npmjs.org/bluebird/-/bluebird-2.10.2.tgz",
        "debug": "https://registry.npmjs.org/debug/-/debug-2.2.0.tgz",
        "regexp-clone": "https://registry.npmjs.org/regexp-clone/-/regexp-clone-0.0.1.tgz",
        "sliced": "https://registry.npmjs.org/sliced/-/sliced-0.0.5.tgz"
      },
      "dependencies": {
        "sliced": {
          "version": "https://registry.npmjs.org/sliced/-/sliced-0.0.5.tgz",
          "integrity": "sha1-XtwETKTrb3gW1Qui/GPiXY/kcH8="
        }
      }
    },
    "ms": {
      "version": "https://registry.npmjs.org/ms/-/ms-0.7.1.tgz",
      "integrity": "sha1-nNE8A62/8ltl7/3nzoZO6VIBcJg="
    },
    "muri": {
      "version": "https://registry.npmjs.org/muri/-/muri-1.1.1.tgz",
      "integrity": "sha1-ZL2QTq+P+JYAyZREH608UZWQWsI="
    },
    "parse-asn1": {
      "version": "https://registry.npmjs.org/parse-asn1/-/parse-asn1-5.1.0.tgz",
      "integrity": "sha1-N8T5t+06tlx0gXtfJICTf7+XxxI=",
      "dev": true,
      "requires": {
        "asn1.js": "https://registry.npmjs.org/asn1.js/-/asn1.js-4.9.1.tgz",
        "browserify-aes": "https://registry.npmjs.org/browserify-aes/-/browserify-aes-1.0.6.tgz",
        "create-hash": "https://registry.npmjs.org/create-hash/-/create-hash-1.1.2.tgz",
        "evp_bytestokey": "https://registry.npmjs.org/evp_bytestokey/-/evp_bytestokey-1.0.0.tgz",
        "pbkdf2": "https://registry.npmjs.org/pbkdf2/-/pbkdf2-3.0.9.tgz"
      }
    },
    "pathval": {
      "version": "1.1.0",
      "resolved": "https://registry.npmjs.org/pathval/-/pathval-1.1.0.tgz",
      "integrity": "sha1-uULm1L3mUwBe9rcTYd74cn0GReA=",
      "dev": true
    },
    "pbkdf2": {
      "version": "https://registry.npmjs.org/pbkdf2/-/pbkdf2-3.0.9.tgz",
      "integrity": "sha1-8sSyWmAAWLPDdzwIbDfbvuH/5pM=",
      "dev": true,
      "requires": {
        "create-hmac": "https://registry.npmjs.org/create-hmac/-/create-hmac-1.1.4.tgz"
      }
    },
    "process-nextick-args": {
      "version": "https://registry.npmjs.org/process-nextick-args/-/process-nextick-args-1.0.7.tgz",
      "integrity": "sha1-FQ4gt1ZZCtP5EJPyWk8q2L/zC6M="
    },
    "public-encrypt": {
      "version": "https://registry.npmjs.org/public-encrypt/-/public-encrypt-4.0.0.tgz",
      "integrity": "sha1-OfaZ86RlYN1eusvKaTyvfGXBjMY=",
      "dev": true,
      "requires": {
        "bn.js": "https://registry.npmjs.org/bn.js/-/bn.js-4.11.6.tgz",
        "browserify-rsa": "https://registry.npmjs.org/browserify-rsa/-/browserify-rsa-4.0.1.tgz",
        "create-hash": "https://registry.npmjs.org/create-hash/-/create-hash-1.1.2.tgz",
        "parse-asn1": "https://registry.npmjs.org/parse-asn1/-/parse-asn1-5.1.0.tgz",
        "randombytes": "https://registry.npmjs.org/randombytes/-/randombytes-2.0.3.tgz"
      }
    },
    "randombytes": {
      "version": "https://registry.npmjs.org/randombytes/-/randombytes-2.0.3.tgz",
      "integrity": "sha1-Z0yZdgkBw8QRJ3GjHlIdw0nMCew=",
      "dev": true
    },
    "readable-stream": {
      "version": "https://registry.npmjs.org/readable-stream/-/readable-stream-2.1.5.tgz",
      "integrity": "sha1-ZvqLcg4UOLNkaB8q0aY8YYRIydA=",
      "requires": {
        "buffer-shims": "https://registry.npmjs.org/buffer-shims/-/buffer-shims-1.0.0.tgz",
        "core-util-is": "https://registry.npmjs.org/core-util-is/-/core-util-is-1.0.2.tgz",
        "inherits": "https://registry.npmjs.org/inherits/-/inherits-2.0.3.tgz",
        "isarray": "https://registry.npmjs.org/isarray/-/isarray-1.0.0.tgz",
        "process-nextick-args": "https://registry.npmjs.org/process-nextick-args/-/process-nextick-args-1.0.7.tgz",
        "string_decoder": "https://registry.npmjs.org/string_decoder/-/string_decoder-0.10.31.tgz",
        "util-deprecate": "https://registry.npmjs.org/util-deprecate/-/util-deprecate-1.0.2.tgz"
      }
    },
    "regexp-clone": {
      "version": "https://registry.npmjs.org/regexp-clone/-/regexp-clone-0.0.1.tgz",
      "integrity": "sha1-p8LgmJH9vzj7sQ03b7cwA+aKxYk="
    },
    "require_optional": {
      "version": "https://registry.npmjs.org/require_optional/-/require_optional-1.0.0.tgz",
      "integrity": "sha1-UqhhN6hJco62ClVTNhf4+RT1mr8=",
      "requires": {
        "resolve-from": "https://registry.npmjs.org/resolve-from/-/resolve-from-2.0.0.tgz",
        "semver": "https://registry.npmjs.org/semver/-/semver-5.3.0.tgz"
      }
    },
    "resolve-from": {
      "version": "https://registry.npmjs.org/resolve-from/-/resolve-from-2.0.0.tgz",
      "integrity": "sha1-lICrIOlP+h2egKgEx+oUdhGWa1c="
    },
    "ripemd160": {
      "version": "https://registry.npmjs.org/ripemd160/-/ripemd160-1.0.1.tgz",
      "integrity": "sha1-k6S71JQrxXS2mo+lfHHeEOzKfW4=",
      "dev": true
    },
    "semver": {
      "version": "https://registry.npmjs.org/semver/-/semver-5.3.0.tgz",
      "integrity": "sha1-myzl094C0XxgEq0yaqa00M9U+U8="
    },
    "sha.js": {
      "version": "https://registry.npmjs.org/sha.js/-/sha.js-2.4.8.tgz",
      "integrity": "sha1-NwaMLEdra69ALRSknGf1l5IfY08=",
      "dev": true,
      "requires": {
        "inherits": "https://registry.npmjs.org/inherits/-/inherits-2.0.3.tgz"
      }
    },
    "sliced": {
      "version": "https://registry.npmjs.org/sliced/-/sliced-1.0.1.tgz",
      "integrity": "sha1-CzpmK10Ewxd7GSa+qCsD+Dei70E="
    },
    "string_decoder": {
      "version": "https://registry.npmjs.org/string_decoder/-/string_decoder-0.10.31.tgz",
      "integrity": "sha1-YuIDvEF2bGwoyfyEMB2rHFMQ+pQ="
    },
    "util-deprecate": {
      "version": "https://registry.npmjs.org/util-deprecate/-/util-deprecate-1.0.2.tgz",
      "integrity": "sha1-RQ1Nyfpw3nMnYvvS1KKJgUGaDM8="
    },
    "vindication.js": {
      "version": "https://registry.npmjs.org/vindication.js/-/vindication.js-4.8.1.tgz",
      "integrity": "sha1-BNitL5aPh1/KZVZB2hM9ecK/mL0=",
      "dev": true,
      "requires": {
        "isa.js": "1.9.0"
      }
    },
    "webcrypto": {
      "version": "https://registry.npmjs.org/webcrypto/-/webcrypto-0.1.0.tgz",
      "integrity": "sha1-lBiSSDvFDFRkY3wYC3Lb3jrp+gQ=",
      "dev": true,
      "requires": {
        "crypto-browserify": "https://registry.npmjs.org/crypto-browserify/-/crypto-browserify-3.11.0.tgz"
      }
    }
  }
}
