{
  "name": "mongoose-schemagen",
  "version": "2.3.0",
  "lockfileVersion": 1,
  "requires": true,
  "dependencies": {
    "assign.js": {
      "version": "2.7.8",
      "resolved": "https://registry.npmjs.org/assign.js/-/assign.js-2.7.8.tgz",
      "integrity": "sha512-jsokLCdwTX5T6vHpU1MjxB14QvuVeBcXZP3JFTkMm8q9/2HNbjGmOzVkGktg1Gdc5upWejXwwAzlVuNSONLg6g==",
      "dev": true,
      "requires": {
        "isa.js": "2.1.0"
      }
    },
    "async": {
      "version": "2.5.0",
      "resolved": "https://registry.npmjs.org/async/-/async-2.5.0.tgz",
      "integrity": "sha512-e+lJAJeNWuPCNyxZKOBdaJGyLGHugXVQtrAwtuAe2vhxTYxFTKE73p8JuTmdH0qdQZtDvI4dhJwjZc5zsfIsYw==",
      "dev": true,
      "requires": {
        "lodash": "https://registry.npmjs.org/lodash/-/lodash-4.17.2.tgz"
      }
    },
    "chai": {
      "version": "4.1.2",
      "resolved": "https://registry.npmjs.org/chai/-/chai-4.1.2.tgz",
      "integrity": "sha1-D2RYS6ZC8PKs4oBiefTwbKI61zw=",
      "dev": true,
      "requires": {
        "assertion-error": "1.0.2",
        "check-error": "1.0.2",
        "deep-eql": "3.0.1",
        "get-func-name": "2.0.0",
        "pathval": "1.1.0",
        "type-detect": "4.0.3"
      },
      "dependencies": {
        "assertion-error": {
          "version": "1.0.2",
          "resolved": "https://registry.npmjs.org/assertion-error/-/assertion-error-1.0.2.tgz",
          "integrity": "sha1-E8pRXYYgbaC6xm6DTdOX2HWBCUw=",
          "dev": true
        }
      }
    },
    "check-error": {
      "version": "1.0.2",
      "resolved": "https://registry.npmjs.org/check-error/-/check-error-1.0.2.tgz",
      "integrity": "sha1-V00xLt2Iu13YkS6Sht1sCu1KrII=",
      "dev": true
    },
    "clerobee": {
      "version": "0.8.6",
      "resolved": "https://registry.npmjs.org/clerobee/-/clerobee-0.8.6.tgz",
      "integrity": "sha512-mZFZ9NY555rs3yDdGVq5cWkd1tK3FSXH6MtaeNNXxePFjsm3LJnpYIWvDQiUrUg/NFtQUwdu4lQ2EAU5ibhSlg==",
      "dev": true,
      "requires": {
        "webcrypto": "0.1.0"
      },
      "dependencies": {
        "asn1.js": {
          "version": "4.9.1",
          "resolved": "https://registry.npmjs.org/asn1.js/-/asn1.js-4.9.1.tgz",
          "integrity": "sha1-SLokC0WpKA6UdImQull9IWYX/UA=",
          "dev": true,
          "requires": {
            "bn.js": "4.11.8",
            "inherits": "2.0.3",
            "minimalistic-assert": "1.0.0"
          }
        },
        "bn.js": {
          "version": "4.11.8",
          "resolved": "https://registry.npmjs.org/bn.js/-/bn.js-4.11.8.tgz",
          "integrity": "sha512-ItfYfPLkWHUjckQCk8xC+LwxgK8NYcXywGigJgSwOP8Y2iyWT4f2vsZnoOXTTbo+o5yXmIUJ4gn5538SO5S3gA==",
          "dev": true
        },
        "brorand": {
          "version": "1.1.0",
          "resolved": "https://registry.npmjs.org/brorand/-/brorand-1.1.0.tgz",
          "integrity": "sha1-EsJe/kCkXjwyPrhnWgoM5XsiNx8=",
          "dev": true
        },
        "browserify-aes": {
          "version": "1.1.1",
          "resolved": "https://registry.npmjs.org/browserify-aes/-/browserify-aes-1.1.1.tgz",
          "integrity": "sha512-UGnTYAnB2a3YuYKIRy1/4FB2HdM866E0qC46JXvVTYKlBlZlnvfpSfY6OKfXZAkv70eJ2a1SqzpAo5CRhZGDFg==",
          "dev": true,
          "requires": {
            "buffer-xor": "1.0.3",
            "cipher-base": "1.0.4",
            "create-hash": "1.1.3",
            "evp_bytestokey": "1.0.3",
            "inherits": "2.0.3",
            "safe-buffer": "5.1.1"
          }
        },
        "browserify-cipher": {
          "version": "1.0.0",
          "resolved": "https://registry.npmjs.org/browserify-cipher/-/browserify-cipher-1.0.0.tgz",
          "integrity": "sha1-mYgkSHS/XtTijalWZtzWasj8Njo=",
          "dev": true,
          "requires": {
            "browserify-aes": "1.1.1",
            "browserify-des": "1.0.0",
            "evp_bytestokey": "1.0.3"
          }
        },
        "browserify-des": {
          "version": "1.0.0",
          "resolved": "https://registry.npmjs.org/browserify-des/-/browserify-des-1.0.0.tgz",
          "integrity": "sha1-2qJ3cXRwki7S/hhZQRihdUOXId0=",
          "dev": true,
          "requires": {
            "cipher-base": "1.0.4",
            "des.js": "1.0.0",
            "inherits": "2.0.3"
          }
        },
        "browserify-rsa": {
          "version": "4.0.1",
          "resolved": "https://registry.npmjs.org/browserify-rsa/-/browserify-rsa-4.0.1.tgz",
          "integrity": "sha1-IeCr+vbyApzy+vsTNWenAdQTVSQ=",
          "dev": true,
          "requires": {
            "bn.js": "4.11.8",
            "randombytes": "2.0.5"
          }
        },
        "browserify-sign": {
          "version": "4.0.4",
          "resolved": "https://registry.npmjs.org/browserify-sign/-/browserify-sign-4.0.4.tgz",
          "integrity": "sha1-qk62jl17ZYuqa/alfmMMvXqT0pg=",
          "dev": true,
          "requires": {
            "bn.js": "4.11.8",
            "browserify-rsa": "4.0.1",
            "create-hash": "1.1.3",
            "create-hmac": "1.1.6",
            "elliptic": "6.4.0",
            "inherits": "2.0.3",
            "parse-asn1": "5.1.0"
          }
        },
        "buffer-xor": {
          "version": "1.0.3",
          "resolved": "https://registry.npmjs.org/buffer-xor/-/buffer-xor-1.0.3.tgz",
          "integrity": "sha1-JuYe0UIvtw3ULm42cp7VHYVf6Nk=",
          "dev": true
        },
        "cipher-base": {
          "version": "1.0.4",
          "resolved": "https://registry.npmjs.org/cipher-base/-/cipher-base-1.0.4.tgz",
          "integrity": "sha512-Kkht5ye6ZGmwv40uUDZztayT2ThLQGfnj/T71N/XzeZeo3nf8foyW7zGTsPYkEya3m5f3cAypH+qe7YOrM1U2Q==",
          "dev": true,
          "requires": {
            "inherits": "2.0.3",
            "safe-buffer": "5.1.1"
          }
        },
        "create-ecdh": {
          "version": "4.0.0",
          "resolved": "https://registry.npmjs.org/create-ecdh/-/create-ecdh-4.0.0.tgz",
          "integrity": "sha1-iIxyNZbN92EvZJgjPuvXo1MBc30=",
          "dev": true,
          "requires": {
            "bn.js": "4.11.8",
            "elliptic": "6.4.0"
          }
        },
        "create-hash": {
          "version": "1.1.3",
          "resolved": "https://registry.npmjs.org/create-hash/-/create-hash-1.1.3.tgz",
          "integrity": "sha1-YGBCrIuSYnUPSDyt2rD1gZFy2P0=",
          "dev": true,
          "requires": {
            "cipher-base": "1.0.4",
            "inherits": "2.0.3",
            "ripemd160": "2.0.1",
            "sha.js": "2.4.9"
          }
        },
        "create-hmac": {
          "version": "1.1.6",
          "resolved": "https://registry.npmjs.org/create-hmac/-/create-hmac-1.1.6.tgz",
          "integrity": "sha1-rLniIaThe9sHbpBlfEK5PjcmzwY=",
          "dev": true,
          "requires": {
            "cipher-base": "1.0.4",
            "create-hash": "1.1.3",
            "inherits": "2.0.3",
            "ripemd160": "2.0.1",
            "safe-buffer": "5.1.1",
            "sha.js": "2.4.9"
          }
        },
        "crypto-browserify": {
          "version": "3.11.1",
          "resolved": "https://registry.npmjs.org/crypto-browserify/-/crypto-browserify-3.11.1.tgz",
          "integrity": "sha512-Na7ZlwCOqoaW5RwUK1WpXws2kv8mNhWdTlzob0UXulk6G9BDbyiJaGTYBIX61Ozn9l1EPPJpICZb4DaOpT9NlQ==",
          "dev": true,
          "requires": {
            "browserify-cipher": "1.0.0",
            "browserify-sign": "4.0.4",
            "create-ecdh": "4.0.0",
            "create-hash": "1.1.3",
            "create-hmac": "1.1.6",
            "diffie-hellman": "5.0.2",
            "inherits": "2.0.3",
            "pbkdf2": "3.0.14",
            "public-encrypt": "4.0.0",
            "randombytes": "2.0.5"
          }
        },
        "des.js": {
          "version": "1.0.0",
          "resolved": "https://registry.npmjs.org/des.js/-/des.js-1.0.0.tgz",
          "integrity": "sha1-wHTS4qpqipoH29YfmhXCzYPsjsw=",
          "dev": true,
          "requires": {
            "inherits": "2.0.3",
            "minimalistic-assert": "1.0.0"
          }
        },
        "diffie-hellman": {
          "version": "5.0.2",
          "resolved": "https://registry.npmjs.org/diffie-hellman/-/diffie-hellman-5.0.2.tgz",
          "integrity": "sha1-tYNXOScM/ias9jIJn97SoH8gnl4=",
          "dev": true,
          "requires": {
            "bn.js": "4.11.8",
            "miller-rabin": "4.0.1",
            "randombytes": "2.0.5"
          }
        },
        "elliptic": {
          "version": "6.4.0",
          "resolved": "https://registry.npmjs.org/elliptic/-/elliptic-6.4.0.tgz",
          "integrity": "sha1-ysmvh2LIWDYYcAPI3+GT5eLq5d8=",
          "dev": true,
          "requires": {
            "bn.js": "4.11.8",
            "brorand": "1.1.0",
            "hash.js": "1.1.3",
            "hmac-drbg": "1.0.1",
            "inherits": "2.0.3",
            "minimalistic-assert": "1.0.0",
            "minimalistic-crypto-utils": "1.0.1"
          }
        },
        "evp_bytestokey": {
          "version": "1.0.3",
          "resolved": "https://registry.npmjs.org/evp_bytestokey/-/evp_bytestokey-1.0.3.tgz",
          "integrity": "sha512-/f2Go4TognH/KvCISP7OUsHn85hT9nUkxxA9BEWxFn+Oj9o8ZNLm/40hdlgSLyuOimsrTKLUMEorQexp/aPQeA==",
          "dev": true,
          "requires": {
            "md5.js": "1.3.4",
            "safe-buffer": "5.1.1"
          }
        },
        "hash.js": {
          "version": "1.1.3",
          "resolved": "https://registry.npmjs.org/hash.js/-/hash.js-1.1.3.tgz",
          "integrity": "sha512-/UETyP0W22QILqS+6HowevwhEFJ3MBJnwTf75Qob9Wz9t0DPuisL8kW8YZMK62dHAKE1c1p+gY1TtOLY+USEHA==",
          "dev": true,
          "requires": {
            "inherits": "2.0.3",
            "minimalistic-assert": "1.0.0"
          }
        },
        "hmac-drbg": {
          "version": "1.0.1",
          "resolved": "https://registry.npmjs.org/hmac-drbg/-/hmac-drbg-1.0.1.tgz",
          "integrity": "sha1-0nRXAQJabHdabFRXk+1QL8DGSaE=",
          "dev": true,
          "requires": {
            "hash.js": "1.1.3",
            "minimalistic-assert": "1.0.0",
            "minimalistic-crypto-utils": "1.0.1"
          }
        },
        "inherits": {
          "version": "2.0.3",
          "resolved": "https://registry.npmjs.org/inherits/-/inherits-2.0.3.tgz",
          "integrity": "sha1-Yzwsg+PaQqUC9SRmAiSA9CCCYd4=",
          "dev": true
        },
        "miller-rabin": {
          "version": "4.0.1",
          "resolved": "https://registry.npmjs.org/miller-rabin/-/miller-rabin-4.0.1.tgz",
          "integrity": "sha512-115fLhvZVqWwHPbClyntxEVfVDfl9DLLTuJvq3g2O/Oxi8AiNouAHvDSzHS0viUJc+V5vm3eq91Xwqn9dp4jRA==",
          "dev": true,
          "requires": {
            "bn.js": "4.11.8",
            "brorand": "1.1.0"
          }
        },
        "minimalistic-assert": {
          "version": "1.0.0",
          "resolved": "https://registry.npmjs.org/minimalistic-assert/-/minimalistic-assert-1.0.0.tgz",
          "integrity": "sha1-cCvi3aazf0g2vLP121ZkG2Sh09M=",
          "dev": true
        },
        "minimalistic-crypto-utils": {
          "version": "1.0.1",
          "resolved": "https://registry.npmjs.org/minimalistic-crypto-utils/-/minimalistic-crypto-utils-1.0.1.tgz",
          "integrity": "sha1-9sAMHAsIIkblxNmd+4x8CDsrWCo=",
          "dev": true
        },
        "parse-asn1": {
          "version": "5.1.0",
          "resolved": "https://registry.npmjs.org/parse-asn1/-/parse-asn1-5.1.0.tgz",
          "integrity": "sha1-N8T5t+06tlx0gXtfJICTf7+XxxI=",
          "dev": true,
          "requires": {
            "asn1.js": "4.9.1",
            "browserify-aes": "1.1.1",
            "create-hash": "1.1.3",
            "evp_bytestokey": "1.0.3",
            "pbkdf2": "3.0.14"
          }
        },
        "pbkdf2": {
          "version": "3.0.14",
          "resolved": "https://registry.npmjs.org/pbkdf2/-/pbkdf2-3.0.14.tgz",
          "integrity": "sha512-gjsZW9O34fm0R7PaLHRJmLLVfSoesxztjPjE9o6R+qtVJij90ltg1joIovN9GKrRW3t1PzhDDG3UMEMFfZ+1wA==",
          "dev": true,
          "requires": {
            "create-hash": "1.1.3",
            "create-hmac": "1.1.6",
            "ripemd160": "2.0.1",
            "safe-buffer": "5.1.1",
            "sha.js": "2.4.9"
          }
        },
        "public-encrypt": {
          "version": "4.0.0",
          "resolved": "https://registry.npmjs.org/public-encrypt/-/public-encrypt-4.0.0.tgz",
          "integrity": "sha1-OfaZ86RlYN1eusvKaTyvfGXBjMY=",
          "dev": true,
          "requires": {
            "bn.js": "4.11.8",
            "browserify-rsa": "4.0.1",
            "create-hash": "1.1.3",
            "parse-asn1": "5.1.0",
            "randombytes": "2.0.5"
          }
        },
        "randombytes": {
          "version": "2.0.5",
          "resolved": "https://registry.npmjs.org/randombytes/-/randombytes-2.0.5.tgz",
          "integrity": "sha512-8T7Zn1AhMsQ/HI1SjcCfT/t4ii3eAqco3yOcSzS4mozsOz69lHLsoMXmF9nZgnFanYscnSlUSgs8uZyKzpE6kg==",
          "dev": true,
          "requires": {
            "safe-buffer": "5.1.1"
          }
        },
        "ripemd160": {
          "version": "2.0.1",
          "resolved": "https://registry.npmjs.org/ripemd160/-/ripemd160-2.0.1.tgz",
          "integrity": "sha1-D0WEKVxTo2KK9+bXmsohzlfRxuc=",
          "dev": true,
          "requires": {
            "hash-base": "2.0.2",
            "inherits": "2.0.3"
          }
        },
        "sha.js": {
          "version": "2.4.9",
          "resolved": "https://registry.npmjs.org/sha.js/-/sha.js-2.4.9.tgz",
          "integrity": "sha512-G8zektVqbiPHrylgew9Zg1VRB1L/DtXNUVAM6q4QLy8NE3qtHlFXTf8VLL4k1Yl6c7NMjtZUTdXV+X44nFaT6A==",
          "dev": true,
          "requires": {
            "inherits": "2.0.3",
            "safe-buffer": "5.1.1"
          }
        },
        "webcrypto": {
          "version": "0.1.0",
          "resolved": "https://registry.npmjs.org/webcrypto/-/webcrypto-0.1.0.tgz",
          "integrity": "sha1-lBiSSDvFDFRkY3wYC3Lb3jrp+gQ=",
          "dev": true,
          "requires": {
            "crypto-browserify": "3.11.1"
          }
        }
      }
    },
    "deep-eql": {
      "version": "3.0.1",
      "resolved": "https://registry.npmjs.org/deep-eql/-/deep-eql-3.0.1.tgz",
      "integrity": "sha512-+QeIQyN5ZuO+3Uk5DYh6/1eKO0m0YmJFGNmFHGACpf1ClL1nmlV/p4gNgbl2pJGxgXb4faqo6UE+M5ACEMyVcw==",
      "dev": true,
      "requires": {
        "type-detect": "4.0.3"
      }
    },
    "get-func-name": {
      "version": "2.0.0",
      "resolved": "https://registry.npmjs.org/get-func-name/-/get-func-name-2.0.0.tgz",
      "integrity": "sha1-6td0q+5y4gQJQzoGY2YCPdaIekE=",
      "dev": true
    },
    "hash-base": {
      "version": "2.0.2",
      "resolved": "https://registry.npmjs.org/hash-base/-/hash-base-2.0.2.tgz",
      "integrity": "sha1-ZuodhW206KVHDK32/OI65SRO8uE=",
      "dev": true,
      "requires": {
        "inherits": "2.0.3"
      },
      "dependencies": {
        "inherits": {
          "version": "2.0.3",
          "resolved": "https://registry.npmjs.org/inherits/-/inherits-2.0.3.tgz",
          "integrity": "sha1-Yzwsg+PaQqUC9SRmAiSA9CCCYd4=",
          "dev": true
        }
      }
    },
    "isa.js": {
      "version": "2.1.0",
      "resolved": "https://registry.npmjs.org/isa.js/-/isa.js-2.1.0.tgz",
      "integrity": "sha512-Hfn/lX0rtxvcywqyPNtzRD074gEa2597ulThtHZy5S+GMfi9sqC0MQx2Yw7ZZ8nsYpvJQMERbmqppeHoH3N5iQ=="
    },
    "lodash": {
      "version": "https://registry.npmjs.org/lodash/-/lodash-4.17.2.tgz",
      "integrity": "sha1-NKMFW6vgTOQkZ7YH1wAHLH/2v0I=",
      "dev": true
    },
    "md5.js": {
      "version": "1.3.4",
      "resolved": "https://registry.npmjs.org/md5.js/-/md5.js-1.3.4.tgz",
      "integrity": "sha1-6b296UogpawYsENA/Fdk1bCdkB0=",
      "dev": true,
      "requires": {
        "hash-base": "3.0.4",
        "inherits": "2.0.3"
      },
      "dependencies": {
        "hash-base": {
          "version": "3.0.4",
          "resolved": "https://registry.npmjs.org/hash-base/-/hash-base-3.0.4.tgz",
          "integrity": "sha1-X8hoaEfs1zSZQDMZprCj8/auSRg=",
          "dev": true,
          "requires": {
            "inherits": "2.0.3",
            "safe-buffer": "5.1.1"
          }
        },
        "inherits": {
          "version": "2.0.3",
          "resolved": "https://registry.npmjs.org/inherits/-/inherits-2.0.3.tgz",
          "integrity": "sha1-Yzwsg+PaQqUC9SRmAiSA9CCCYd4=",
          "dev": true
        }
      }
    },
    "mongoose": {
      "version": "4.12.4",
      "resolved": "https://registry.npmjs.org/mongoose/-/mongoose-4.12.4.tgz",
      "integrity": "sha512-3QTbQ/+wRe8Lr1IGTBAu2gyx+7VgvnCGmY2N1HSW8nsvfMGO0QW9iNDzZT3ceEY2Wctlt28wNavHivcLDO76bQ==",
      "requires": {
        "async": "2.1.4",
        "bson": "1.0.4",
        "hooks-fixed": "2.0.0",
        "kareem": "1.5.0",
        "mongodb": "2.2.33",
        "mpath": "0.3.0",
        "mpromise": "0.5.5",
        "mquery": "2.3.2",
        "ms": "2.0.0",
        "muri": "1.3.0",
        "regexp-clone": "0.0.1",
        "sliced": "1.0.1"
      },
      "dependencies": {
        "async": {
          "version": "2.1.4",
          "resolved": "https://registry.npmjs.org/async/-/async-2.1.4.tgz",
          "integrity": "sha1-LSFgx3iAMuTdbL4lAvH5osj2zeQ=",
          "requires": {
            "lodash": "4.17.4"
          }
        },
        "bluebird": {
          "version": "3.5.1",
          "resolved": "https://registry.npmjs.org/bluebird/-/bluebird-3.5.1.tgz",
          "integrity": "sha512-MKiLiV+I1AA596t9w1sQJ8jkiSr5+ZKi0WKrYGUn6d1Fx+Ij4tIj+m2WMQSGczs5jZVxV339chE8iwk6F64wjA=="
        },
        "bson": {
          "version": "1.0.4",
          "resolved": "https://registry.npmjs.org/bson/-/bson-1.0.4.tgz",
          "integrity": "sha1-k8ENOeqltYQVy8QFLz5T5WKwtyw="
        },
        "buffer-shims": {
          "version": "1.0.0",
          "resolved": "https://registry.npmjs.org/buffer-shims/-/buffer-shims-1.0.0.tgz",
          "integrity": "sha1-mXjOMXOIxkmth5MCjDR37wRKi1E="
        },
        "core-util-is": {
          "version": "1.0.2",
          "resolved": "https://registry.npmjs.org/core-util-is/-/core-util-is-1.0.2.tgz",
          "integrity": "sha1-tf1UIgqivFq1eqtxQMlAdUUDwac="
        },
        "debug": {
          "version": "2.6.9",
          "resolved": "https://registry.npmjs.org/debug/-/debug-2.6.9.tgz",
          "integrity": "sha512-bC7ElrdJaJnPbAP+1EotYvqZsb3ecl5wi6Bfi6BJTUcNowp6cvspg0jXznRTKDjm/E7AdgFBVeAPVMNcKGsHMA==",
          "requires": {
            "ms": "2.0.0"
          }
        },
        "es6-promise": {
          "version": "3.2.1",
          "resolved": "https://registry.npmjs.org/es6-promise/-/es6-promise-3.2.1.tgz",
          "integrity": "sha1-7FYjOGgDKQkgcXDDlEjiREndH8Q="
        },
        "hooks-fixed": {
          "version": "2.0.0",
          "resolved": "https://registry.npmjs.org/hooks-fixed/-/hooks-fixed-2.0.0.tgz",
          "integrity": "sha1-oB2JTVKsf2WZu7H2PfycQR33DLo="
        },
        "inherits": {
          "version": "2.0.3",
          "resolved": "https://registry.npmjs.org/inherits/-/inherits-2.0.3.tgz",
          "integrity": "sha1-Yzwsg+PaQqUC9SRmAiSA9CCCYd4="
        },
        "isarray": {
          "version": "1.0.0",
          "resolved": "https://registry.npmjs.org/isarray/-/isarray-1.0.0.tgz",
          "integrity": "sha1-u5NdSFgsuhaMBoNJV6VKPgcSTxE="
        },
        "kareem": {
          "version": "1.5.0",
          "resolved": "https://registry.npmjs.org/kareem/-/kareem-1.5.0.tgz",
          "integrity": "sha1-4+QQHZ3P3imXadr0tNtk2JXRdEg="
        },
        "lodash": {
          "version": "4.17.4",
          "resolved": "https://registry.npmjs.org/lodash/-/lodash-4.17.4.tgz",
          "integrity": "sha1-eCA6TRwyiuHYbcpkYONptX9AVa4="
        },
        "mongodb": {
          "version": "2.2.33",
          "resolved": "https://registry.npmjs.org/mongodb/-/mongodb-2.2.33.tgz",
          "integrity": "sha1-tTfEcdNKZlG0jzb9vyl1A0Dgi1A=",
          "requires": {
            "es6-promise": "3.2.1",
            "mongodb-core": "2.1.17",
            "readable-stream": "2.2.7"
          }
        },
        "mongodb-core": {
          "version": "2.1.17",
          "resolved": "https://registry.npmjs.org/mongodb-core/-/mongodb-core-2.1.17.tgz",
          "integrity": "sha1-pBizN6FKFJkPtRC5I97mqBMXPfg=",
          "requires": {
            "bson": "1.0.4",
            "require_optional": "1.0.1"
          }
        },
        "mpath": {
          "version": "0.3.0",
          "resolved": "https://registry.npmjs.org/mpath/-/mpath-0.3.0.tgz",
          "integrity": "sha1-elj3iem1/TyUUgY0FXlg8mvV70Q="
        },
        "mpromise": {
          "version": "0.5.5",
          "resolved": "https://registry.npmjs.org/mpromise/-/mpromise-0.5.5.tgz",
          "integrity": "sha1-9bJCWddjrMIlewoMjG2Gb9UXMuY="
        },
        "mquery": {
          "version": "2.3.2",
          "resolved": "https://registry.npmjs.org/mquery/-/mquery-2.3.2.tgz",
          "integrity": "sha512-KXWMypZSvhCuqRtza+HMQZdYw7PfFBjBTFvP31NNAq0OX0/NTIgpcDpkWQ2uTxk6vGQtwQ2elhwhs+ZvCA8OaA==",
          "requires": {
            "bluebird": "3.5.1",
            "debug": "2.6.9",
            "regexp-clone": "0.0.1",
            "sliced": "0.0.5"
          },
          "dependencies": {
            "sliced": {
              "version": "0.0.5",
              "resolved": "https://registry.npmjs.org/sliced/-/sliced-0.0.5.tgz",
              "integrity": "sha1-XtwETKTrb3gW1Qui/GPiXY/kcH8="
            }
          }
        },
        "ms": {
          "version": "2.0.0",
          "resolved": "https://registry.npmjs.org/ms/-/ms-2.0.0.tgz",
          "integrity": "sha1-VgiurfwAvmwpAd9fmGF4jeDVl8g="
        },
        "muri": {
          "version": "1.3.0",
          "resolved": "https://registry.npmjs.org/muri/-/muri-1.3.0.tgz",
          "integrity": "sha512-FiaFwKl864onHFFUV/a2szAl7X0fxVlSKNdhTf+BM8i8goEgYut8u5P9MqQqIYwvaMxjzVESsoEm/2kfkFH1rg=="
        },
        "process-nextick-args": {
          "version": "1.0.7",
          "resolved": "https://registry.npmjs.org/process-nextick-args/-/process-nextick-args-1.0.7.tgz",
          "integrity": "sha1-FQ4gt1ZZCtP5EJPyWk8q2L/zC6M="
        },
        "readable-stream": {
          "version": "2.2.7",
          "resolved": "https://registry.npmjs.org/readable-stream/-/readable-stream-2.2.7.tgz",
          "integrity": "sha1-BwV6y+JGeyIELTb5jFrVBwVOlbE=",
          "requires": {
            "buffer-shims": "1.0.0",
            "core-util-is": "1.0.2",
            "inherits": "2.0.3",
            "isarray": "1.0.0",
            "process-nextick-args": "1.0.7",
            "string_decoder": "1.0.3",
            "util-deprecate": "1.0.2"
          }
        },
        "regexp-clone": {
          "version": "0.0.1",
          "resolved": "https://registry.npmjs.org/regexp-clone/-/regexp-clone-0.0.1.tgz",
          "integrity": "sha1-p8LgmJH9vzj7sQ03b7cwA+aKxYk="
        },
        "require_optional": {
          "version": "1.0.1",
          "resolved": "https://registry.npmjs.org/require_optional/-/require_optional-1.0.1.tgz",
          "integrity": "sha512-qhM/y57enGWHAe3v/NcwML6a3/vfESLe/sGM2dII+gEO0BpKRUkWZow/tyloNqJyN6kXSl3RyyM8Ll5D/sJP8g==",
          "requires": {
            "resolve-from": "2.0.0",
            "semver": "5.4.1"
          }
        },
        "resolve-from": {
          "version": "2.0.0",
          "resolved": "https://registry.npmjs.org/resolve-from/-/resolve-from-2.0.0.tgz",
          "integrity": "sha1-lICrIOlP+h2egKgEx+oUdhGWa1c="
        },
        "semver": {
          "version": "5.4.1",
          "resolved": "https://registry.npmjs.org/semver/-/semver-5.4.1.tgz",
          "integrity": "sha512-WfG/X9+oATh81XtllIo/I8gOiY9EXRdv1cQdyykeXK17YcUW3EXUAi2To4pcH6nZtJPr7ZOpM5OMyWJZm+8Rsg=="
        },
        "sliced": {
          "version": "1.0.1",
          "resolved": "https://registry.npmjs.org/sliced/-/sliced-1.0.1.tgz",
          "integrity": "sha1-CzpmK10Ewxd7GSa+qCsD+Dei70E="
        },
        "string_decoder": {
          "version": "1.0.3",
          "resolved": "https://registry.npmjs.org/string_decoder/-/string_decoder-1.0.3.tgz",
          "integrity": "sha512-4AH6Z5fzNNBcH+6XDMfA/BTt87skxqJlO0lAh3Dker5zThcAxG6mKz+iGu308UKoPPQ8Dcqx/4JhujzltRa+hQ==",
          "requires": {
            "safe-buffer": "5.1.1"
          }
        },
        "util-deprecate": {
          "version": "1.0.2",
          "resolved": "https://registry.npmjs.org/util-deprecate/-/util-deprecate-1.0.2.tgz",
          "integrity": "sha1-RQ1Nyfpw3nMnYvvS1KKJgUGaDM8="
        }
      }
    },
    "pathval": {
      "version": "1.1.0",
      "resolved": "https://registry.npmjs.org/pathval/-/pathval-1.1.0.tgz",
      "integrity": "sha1-uULm1L3mUwBe9rcTYd74cn0GReA=",
      "dev": true
    },
    "safe-buffer": {
      "version": "5.1.1",
      "resolved": "https://registry.npmjs.org/safe-buffer/-/safe-buffer-5.1.1.tgz",
      "integrity": "sha512-kKvNJn6Mm93gAczWVJg7wH+wGYWNrDHdWvpUmHyEsgCtIwwo3bqPtV4tR5tuPaUhTOo/kvhVwd8XwwOllGYkbg=="
    },
    "type-detect": {
      "version": "4.0.3",
      "resolved": "https://registry.npmjs.org/type-detect/-/type-detect-4.0.3.tgz",
      "integrity": "sha1-Dj8mcLRAmbC0bChNE2p+9Jx0wuo=",
      "dev": true
    },
    "vindication.js": {
      "version": "4.11.5",
      "resolved": "https://registry.npmjs.org/vindication.js/-/vindication.js-4.11.5.tgz",
      "integrity": "sha512-j2Z4VeqtzgLmoQQW2+O4uTyUNxstgcrE09CiVVrZYtazYSfnY/H9Su0+LkQ3Rm6vBaCgi0jZtS18ugFihQ8+Dg==",
      "dev": true,
      "requires": {
        "isa.js": "2.1.0"
      }
    }
  }
}
